# This file is autogenerated, do not edit; changes may be undone by the next 'dep ensure'.


[[projects]]
  branch = "master"
  digest = "1:8de294f12ef52abf8f9fc9ffde831ae257c2c06079615bff17cac1cdb4dc7c04"
  name = "github.com/gojilabs/environment"
  packages = ["."]
  pruneopts = "UT"
  revision = "d1822a319bcbe91c69140d2b7ecf6666b975cd6e"

[solve-meta]
  analyzer-name = "dep"
  analyzer-version = 1
  input-imports = ["github.com/gojilabs/environment"]
  solver-name = "gps-cdcl"
  solver-version = 1
